// !$*UTF8*$!
{
	archiveVersion = 1;
	classes = {
	};
	objectVersion = 48;
	objects = {

/* Begin PBXBuildFile section */
		719C602E14BC3E178FEF0F28 /* Pods_insightTEK.framework in Frameworks */ = {isa = PBXBuildFile; fileRef = 029D18B42E2CB446D5E399B8 /* Pods_insightTEK.framework */; };
		9B0F71D41FB69D810068FCB5 /* AppDelegate.swift in Sources */ = {isa = PBXBuildFile; fileRef = 9B0F71D31FB69D810068FCB5 /* AppDelegate.swift */; };
		9B0F71D91FB69D810068FCB5 /* Main.storyboard in Resources */ = {isa = PBXBuildFile; fileRef = 9B0F71D71FB69D810068FCB5 /* Main.storyboard */; };
		9B0F71DB1FB69D810068FCB5 /* Assets.xcassets in Resources */ = {isa = PBXBuildFile; fileRef = 9B0F71DA1FB69D810068FCB5 /* Assets.xcassets */; };
		9B0F71DE1FB69D810068FCB5 /* LaunchScreen.storyboard in Resources */ = {isa = PBXBuildFile; fileRef = 9B0F71DC1FB69D810068FCB5 /* LaunchScreen.storyboard */; };
		9B0F71E61FB69E440068FCB5 /* SigninViewController.swift in Sources */ = {isa = PBXBuildFile; fileRef = 9B0F71E51FB69E440068FCB5 /* SigninViewController.swift */; };
		9B0F71E81FB69FAE0068FCB5 /* SearchViewController.swift in Sources */ = {isa = PBXBuildFile; fileRef = 9B0F71E71FB69FAE0068FCB5 /* SearchViewController.swift */; };
		9B0F71EA1FB6A7E70068FCB5 /* Mentor.swift in Sources */ = {isa = PBXBuildFile; fileRef = 9B0F71E91FB6A7E70068FCB5 /* Mentor.swift */; };
		9B0F71EC1FB6AD380068FCB5 /* School.swift in Sources */ = {isa = PBXBuildFile; fileRef = 9B0F71EB1FB6AD380068FCB5 /* School.swift */; };
		9B0F71EE1FB6AF6E0068FCB5 /* User.swift in Sources */ = {isa = PBXBuildFile; fileRef = 9B0F71ED1FB6AF6E0068FCB5 /* User.swift */; };
		9B0F71F01FB6D5330068FCB5 /* MentorStore.swift in Sources */ = {isa = PBXBuildFile; fileRef = 9B0F71EF1FB6D5330068FCB5 /* MentorStore.swift */; };
		9B0F71F21FB6DD7E0068FCB5 /* UserStore.swift in Sources */ = {isa = PBXBuildFile; fileRef = 9B0F71F11FB6DD7E0068FCB5 /* UserStore.swift */; };
		9B0F71F41FB704C60068FCB5 /* SchoolStore.swift in Sources */ = {isa = PBXBuildFile; fileRef = 9B0F71F31FB704C60068FCB5 /* SchoolStore.swift */; };
		E6025A831FB7480E00A76EE1 /* HomeTableViewController.swift in Sources */ = {isa = PBXBuildFile; fileRef = E6025A821FB7480E00A76EE1 /* HomeTableViewController.swift */; };
/* End PBXBuildFile section */

/* Begin PBXFileReference section */
		029D18B42E2CB446D5E399B8 /* Pods_insightTEK.framework */ = {isa = PBXFileReference; explicitFileType = wrapper.framework; includeInIndex = 0; path = Pods_insightTEK.framework; sourceTree = BUILT_PRODUCTS_DIR; };
		586784F2509D5A1567B5CDE1 /* Pods-insightTEK.debug.xcconfig */ = {isa = PBXFileReference; includeInIndex = 1; lastKnownFileType = text.xcconfig; name = "Pods-insightTEK.debug.xcconfig"; path = "Pods/Target Support Files/Pods-insightTEK/Pods-insightTEK.debug.xcconfig"; sourceTree = "<group>"; };
		72191E51CDB8A0E24E5E69C8 /* Pods-insightTEK.release.xcconfig */ = {isa = PBXFileReference; includeInIndex = 1; lastKnownFileType = text.xcconfig; name = "Pods-insightTEK.release.xcconfig"; path = "Pods/Target Support Files/Pods-insightTEK/Pods-insightTEK.release.xcconfig"; sourceTree = "<group>"; };
		9B0F71D01FB69D810068FCB5 /* insightTEK.app */ = {isa = PBXFileReference; explicitFileType = wrapper.application; includeInIndex = 0; path = insightTEK.app; sourceTree = BUILT_PRODUCTS_DIR; };
		9B0F71D31FB69D810068FCB5 /* AppDelegate.swift */ = {isa = PBXFileReference; lastKnownFileType = sourcecode.swift; path = AppDelegate.swift; sourceTree = "<group>"; };
		9B0F71D81FB69D810068FCB5 /* Base */ = {isa = PBXFileReference; lastKnownFileType = file.storyboard; name = Base; path = Base.lproj/Main.storyboard; sourceTree = "<group>"; };
		9B0F71DA1FB69D810068FCB5 /* Assets.xcassets */ = {isa = PBXFileReference; lastKnownFileType = folder.assetcatalog; path = Assets.xcassets; sourceTree = "<group>"; };
		9B0F71DD1FB69D810068FCB5 /* Base */ = {isa = PBXFileReference; lastKnownFileType = file.storyboard; name = Base; path = Base.lproj/LaunchScreen.storyboard; sourceTree = "<group>"; };
		9B0F71DF1FB69D810068FCB5 /* Info.plist */ = {isa = PBXFileReference; lastKnownFileType = text.plist.xml; path = Info.plist; sourceTree = "<group>"; };
		9B0F71E51FB69E440068FCB5 /* SigninViewController.swift */ = {isa = PBXFileReference; lastKnownFileType = sourcecode.swift; path = SigninViewController.swift; sourceTree = "<group>"; };
		9B0F71E71FB69FAE0068FCB5 /* SearchViewController.swift */ = {isa = PBXFileReference; lastKnownFileType = sourcecode.swift; path = SearchViewController.swift; sourceTree = "<group>"; };
		9B0F71E91FB6A7E70068FCB5 /* Mentor.swift */ = {isa = PBXFileReference; lastKnownFileType = sourcecode.swift; path = Mentor.swift; sourceTree = "<group>"; };
		9B0F71EB1FB6AD380068FCB5 /* School.swift */ = {isa = PBXFileReference; lastKnownFileType = sourcecode.swift; path = School.swift; sourceTree = "<group>"; };
		9B0F71ED1FB6AF6E0068FCB5 /* User.swift */ = {isa = PBXFileReference; lastKnownFileType = sourcecode.swift; path = User.swift; sourceTree = "<group>"; };
		9B0F71EF1FB6D5330068FCB5 /* MentorStore.swift */ = {isa = PBXFileReference; lastKnownFileType = sourcecode.swift; path = MentorStore.swift; sourceTree = "<group>"; };
		9B0F71F11FB6DD7E0068FCB5 /* UserStore.swift */ = {isa = PBXFileReference; lastKnownFileType = sourcecode.swift; path = UserStore.swift; sourceTree = "<group>"; };
		9B0F71F31FB704C60068FCB5 /* SchoolStore.swift */ = {isa = PBXFileReference; lastKnownFileType = sourcecode.swift; path = SchoolStore.swift; sourceTree = "<group>"; };
		E6025A821FB7480E00A76EE1 /* HomeTableViewController.swift */ = {isa = PBXFileReference; lastKnownFileType = sourcecode.swift; path = HomeTableViewController.swift; sourceTree = "<group>"; };
/* End PBXFileReference section */

/* Begin PBXFrameworksBuildPhase section */
		9B0F71CD1FB69D810068FCB5 /* Frameworks */ = {
			isa = PBXFrameworksBuildPhase;
			buildActionMask = 2147483647;
			files = (
				719C602E14BC3E178FEF0F28 /* Pods_insightTEK.framework in Frameworks */,
			);
			runOnlyForDeploymentPostprocessing = 0;
		};
/* End PBXFrameworksBuildPhase section */

/* Begin PBXGroup section */
		0FC6BA5AAD14E53354BFECF6 /* Pods */ = {
			isa = PBXGroup;
			children = (
				586784F2509D5A1567B5CDE1 /* Pods-insightTEK.debug.xcconfig */,
				72191E51CDB8A0E24E5E69C8 /* Pods-insightTEK.release.xcconfig */,
			);
			name = Pods;
			sourceTree = "<group>";
		};
		49BFE973EF039BA94A4EED35 /* Frameworks */ = {
			isa = PBXGroup;
			children = (
				029D18B42E2CB446D5E399B8 /* Pods_insightTEK.framework */,
			);
			name = Frameworks;
			sourceTree = "<group>";
		};
		9B0F71C71FB69D810068FCB5 = {
			isa = PBXGroup;
			children = (
				9B0F71D21FB69D810068FCB5 /* insightTEK */,
				9B0F71D11FB69D810068FCB5 /* Products */,
				0FC6BA5AAD14E53354BFECF6 /* Pods */,
				49BFE973EF039BA94A4EED35 /* Frameworks */,
			);
			sourceTree = "<group>";
		};
		9B0F71D11FB69D810068FCB5 /* Products */ = {
			isa = PBXGroup;
			children = (
				9B0F71D01FB69D810068FCB5 /* insightTEK.app */,
			);
			name = Products;
			sourceTree = "<group>";
		};
		9B0F71D21FB69D810068FCB5 /* insightTEK */ = {
			isa = PBXGroup;
			children = (
				9B0F71D31FB69D810068FCB5 /* AppDelegate.swift */,
				9B0F71D71FB69D810068FCB5 /* Main.storyboard */,
				E6025A821FB7480E00A76EE1 /* HomeTableViewController.swift */,
				9B0F71E71FB69FAE0068FCB5 /* SearchViewController.swift */,
				9B0F71F11FB6DD7E0068FCB5 /* UserStore.swift */,
				9B0F71F31FB704C60068FCB5 /* SchoolStore.swift */,
				9B0F71ED1FB6AF6E0068FCB5 /* User.swift */,
				9B0F71E91FB6A7E70068FCB5 /* Mentor.swift */,
				9B0F71EB1FB6AD380068FCB5 /* School.swift */,
				9B0F71E51FB69E440068FCB5 /* SigninViewController.swift */,
				9B0F71EF1FB6D5330068FCB5 /* MentorStore.swift */,
				9B0F71DA1FB69D810068FCB5 /* Assets.xcassets */,
				9B0F71DC1FB69D810068FCB5 /* LaunchScreen.storyboard */,
				9B0F71DF1FB69D810068FCB5 /* Info.plist */,
			);
			path = insightTEK;
			sourceTree = "<group>";
		};
/* End PBXGroup section */

/* Begin PBXNativeTarget section */
		9B0F71CF1FB69D810068FCB5 /* insightTEK */ = {
			isa = PBXNativeTarget;
			buildConfigurationList = 9B0F71E21FB69D810068FCB5 /* Build configuration list for PBXNativeTarget "insightTEK" */;
			buildPhases = (
				D33A0352336E8F6C01354BAF /* [CP] Check Pods Manifest.lock */,
				9B0F71CC1FB69D810068FCB5 /* Sources */,
				9B0F71CD1FB69D810068FCB5 /* Frameworks */,
				9B0F71CE1FB69D810068FCB5 /* Resources */,
				E2B23CF3A14EB4F0ACE10F23 /* [CP] Embed Pods Frameworks */,
				5DD89D7EA57A4C92F8EFC1CD /* [CP] Copy Pods Resources */,
			);
			buildRules = (
			);
			dependencies = (
			);
			name = insightTEK;
			productName = insightTEK;
			productReference = 9B0F71D01FB69D810068FCB5 /* insightTEK.app */;
			productType = "com.apple.product-type.application";
		};
/* End PBXNativeTarget section */

/* Begin PBXProject section */
		9B0F71C81FB69D810068FCB5 /* Project object */ = {
			isa = PBXProject;
			attributes = {
				LastSwiftUpdateCheck = 0910;
				LastUpgradeCheck = 0910;
				ORGANIZATIONNAME = "Madushani Lekam Wasam Liyanage";
				TargetAttributes = {
					9B0F71CF1FB69D810068FCB5 = {
						CreatedOnToolsVersion = 9.1;
						ProvisioningStyle = Automatic;
					};
				};
			};
			buildConfigurationList = 9B0F71CB1FB69D810068FCB5 /* Build configuration list for PBXProject "insightTEK" */;
			compatibilityVersion = "Xcode 8.0";
			developmentRegion = en;
			hasScannedForEncodings = 0;
			knownRegions = (
				en,
				Base,
			);
			mainGroup = 9B0F71C71FB69D810068FCB5;
			productRefGroup = 9B0F71D11FB69D810068FCB5 /* Products */;
			projectDirPath = "";
			projectRoot = "";
			targets = (
				9B0F71CF1FB69D810068FCB5 /* insightTEK */,
			);
		};
/* End PBXProject section */

/* Begin PBXResourcesBuildPhase section */
		9B0F71CE1FB69D810068FCB5 /* Resources */ = {
			isa = PBXResourcesBuildPhase;
			buildActionMask = 2147483647;
			files = (
				9B0F71DE1FB69D810068FCB5 /* LaunchScreen.storyboard in Resources */,
				9B0F71DB1FB69D810068FCB5 /* Assets.xcassets in Resources */,
				9B0F71D91FB69D810068FCB5 /* Main.storyboard in Resources */,
			);
			runOnlyForDeploymentPostprocessing = 0;
		};
/* End PBXResourcesBuildPhase section */

/* Begin PBXShellScriptBuildPhase section */
		5DD89D7EA57A4C92F8EFC1CD /* [CP] Copy Pods Resources */ = {
			isa = PBXShellScriptBuildPhase;
			buildActionMask = 2147483647;
			files = (
			);
			inputPaths = (
			);
			name = "[CP] Copy Pods Resources";
			outputPaths = (
			);
			runOnlyForDeploymentPostprocessing = 0;
			shellPath = /bin/sh;
			shellScript = "\"${SRCROOT}/Pods/Target Support Files/Pods-insightTEK/Pods-insightTEK-resources.sh\"\n";
			showEnvVarsInLog = 0;
		};
		D33A0352336E8F6C01354BAF /* [CP] Check Pods Manifest.lock */ = {
			isa = PBXShellScriptBuildPhase;
			buildActionMask = 2147483647;
			files = (
			);
			inputPaths = (
			);
			name = "[CP] Check Pods Manifest.lock";
			outputPaths = (
			);
			runOnlyForDeploymentPostprocessing = 0;
			shellPath = /bin/sh;
			shellScript = "diff \"${PODS_ROOT}/../Podfile.lock\" \"${PODS_ROOT}/Manifest.lock\" > /dev/null\nif [ $? != 0 ] ; then\n    # print error to STDERR\n    echo \"error: The sandbox is not in sync with the Podfile.lock. Run 'pod install' or update your CocoaPods installation.\" >&2\n    exit 1\nfi\n";
			showEnvVarsInLog = 0;
		};
		E2B23CF3A14EB4F0ACE10F23 /* [CP] Embed Pods Frameworks */ = {
			isa = PBXShellScriptBuildPhase;
			buildActionMask = 2147483647;
			files = (
			);
			inputPaths = (
			);
			name = "[CP] Embed Pods Frameworks";
			outputPaths = (
			);
			runOnlyForDeploymentPostprocessing = 0;
			shellPath = /bin/sh;
			shellScript = "\"${SRCROOT}/Pods/Target Support Files/Pods-insightTEK/Pods-insightTEK-frameworks.sh\"\n";
			showEnvVarsInLog = 0;
		};
/* End PBXShellScriptBuildPhase section */

/* Begin PBXSourcesBuildPhase section */
		9B0F71CC1FB69D810068FCB5 /* Sources */ = {
			isa = PBXSourcesBuildPhase;
			buildActionMask = 2147483647;
			files = (
				9B0F71EA1FB6A7E70068FCB5 /* Mentor.swift in Sources */,
				E6025A831FB7480E00A76EE1 /* HomeTableViewController.swift in Sources */,
				9B0F71F41FB704C60068FCB5 /* SchoolStore.swift in Sources */,
				9B0F71D41FB69D810068FCB5 /* AppDelegate.swift in Sources */,
				9B0F71EE1FB6AF6E0068FCB5 /* User.swift in Sources */,
				9B0F71F01FB6D5330068FCB5 /* MentorStore.swift in Sources */,
				9B0F71E81FB69FAE0068FCB5 /* SearchViewController.swift in Sources */,
				9B0F71EC1FB6AD380068FCB5 /* School.swift in Sources */,
				9B0F71F21FB6DD7E0068FCB5 /* UserStore.swift in Sources */,
				9B0F71E61FB69E440068FCB5 /* SigninViewController.swift in Sources */,
			);
			runOnlyForDeploymentPostprocessing = 0;
		};
/* End PBXSourcesBuildPhase section */

/* Begin PBXVariantGroup section */
		9B0F71D71FB69D810068FCB5 /* Main.storyboard */ = {
			isa = PBXVariantGroup;
			children = (
				9B0F71D81FB69D810068FCB5 /* Base */,
			);
			name = Main.storyboard;
			sourceTree = "<group>";
		};
		9B0F71DC1FB69D810068FCB5 /* LaunchScreen.storyboard */ = {
			isa = PBXVariantGroup;
			children = (
				9B0F71DD1FB69D810068FCB5 /* Base */,
			);
			name = LaunchScreen.storyboard;
			sourceTree = "<group>";
		};
/* End PBXVariantGroup section */

/* Begin XCBuildConfiguration section */
		9B0F71E01FB69D810068FCB5 /* Debug */ = {
			isa = XCBuildConfiguration;
			buildSettings = {
				ALWAYS_SEARCH_USER_PATHS = NO;
				CLANG_ANALYZER_NONNULL = YES;
				CLANG_ANALYZER_NUMBER_OBJECT_CONVERSION = YES_AGGRESSIVE;
				CLANG_CXX_LANGUAGE_STANDARD = "gnu++14";
				CLANG_CXX_LIBRARY = "libc++";
				CLANG_ENABLE_MODULES = YES;
				CLANG_ENABLE_OBJC_ARC = YES;
				CLANG_WARN_BLOCK_CAPTURE_AUTORELEASING = YES;
				CLANG_WARN_BOOL_CONVERSION = YES;
				CLANG_WARN_COMMA = YES;
				CLANG_WARN_CONSTANT_CONVERSION = YES;
				CLANG_WARN_DIRECT_OBJC_ISA_USAGE = YES_ERROR;
				CLANG_WARN_DOCUMENTATION_COMMENTS = YES;
				CLANG_WARN_EMPTY_BODY = YES;
				CLANG_WARN_ENUM_CONVERSION = YES;
				CLANG_WARN_INFINITE_RECURSION = YES;
				CLANG_WARN_INT_CONVERSION = YES;
				CLANG_WARN_NON_LITERAL_NULL_CONVERSION = YES;
				CLANG_WARN_OBJC_LITERAL_CONVERSION = YES;
				CLANG_WARN_OBJC_ROOT_CLASS = YES_ERROR;
				CLANG_WARN_RANGE_LOOP_ANALYSIS = YES;
				CLANG_WARN_STRICT_PROTOTYPES = YES;
				CLANG_WARN_SUSPICIOUS_MOVE = YES;
				CLANG_WARN_UNGUARDED_AVAILABILITY = YES_AGGRESSIVE;
				CLANG_WARN_UNREACHABLE_CODE = YES;
				CLANG_WARN__DUPLICATE_METHOD_MATCH = YES;
				CODE_SIGN_IDENTITY = "iPhone Developer";
				COPY_PHASE_STRIP = NO;
				DEBUG_INFORMATION_FORMAT = dwarf;
				ENABLE_STRICT_OBJC_MSGSEND = YES;
				ENABLE_TESTABILITY = YES;
				GCC_C_LANGUAGE_STANDARD = gnu11;
				GCC_DYNAMIC_NO_PIC = NO;
				GCC_NO_COMMON_BLOCKS = YES;
				GCC_OPTIMIZATION_LEVEL = 0;
				GCC_PREPROCESSOR_DEFINITIONS = (
					"DEBUG=1",
					"$(inherited)",
				);
				GCC_WARN_64_TO_32_BIT_CONVERSION = YES;
				GCC_WARN_ABOUT_RETURN_TYPE = YES_ERROR;
				GCC_WARN_UNDECLARED_SELECTOR = YES;
				GCC_WARN_UNINITIALIZED_AUTOS = YES_AGGRESSIVE;
				GCC_WARN_UNUSED_FUNCTION = YES;
				GCC_WARN_UNUSED_VARIABLE = YES;
				IPHONEOS_DEPLOYMENT_TARGET = 11.1;
				MTL_ENABLE_DEBUG_INFO = YES;
				ONLY_ACTIVE_ARCH = YES;
				SDKROOT = iphoneos;
				SWIFT_ACTIVE_COMPILATION_CONDITIONS = DEBUG;
				SWIFT_OPTIMIZATION_LEVEL = "-Onone";
			};
			name = Debug;
		};
		9B0F71E11FB69D810068FCB5 /* Release */ = {
			isa = XCBuildConfiguration;
			buildSettings = {
				ALWAYS_SEARCH_USER_PATHS = NO;
				CLANG_ANALYZER_NONNULL = YES;
				CLANG_ANALYZER_NUMBER_OBJECT_CONVERSION = YES_AGGRESSIVE;
				CLANG_CXX_LANGUAGE_STANDARD = "gnu++14";
				CLANG_CXX_LIBRARY = "libc++";
				CLANG_ENABLE_MODULES = YES;
				CLANG_ENABLE_OBJC_ARC = YES;
				CLANG_WARN_BLOCK_CAPTURE_AUTORELEASING = YES;
				CLANG_WARN_BOOL_CONVERSION = YES;
				CLANG_WARN_COMMA = YES;
				CLANG_WARN_CONSTANT_CONVERSION = YES;
				CLANG_WARN_DIRECT_OBJC_ISA_USAGE = YES_ERROR;
				CLANG_WARN_DOCUMENTATION_COMMENTS = YES;
				CLANG_WARN_EMPTY_BODY = YES;
				CLANG_WARN_ENUM_CONVERSION = YES;
				CLANG_WARN_INFINITE_RECURSION = YES;
				CLANG_WARN_INT_CONVERSION = YES;
				CLANG_WARN_NON_LITERAL_NULL_CONVERSION = YES;
				CLANG_WARN_OBJC_LITERAL_CONVERSION = YES;
				CLANG_WARN_OBJC_ROOT_CLASS = YES_ERROR;
				CLANG_WARN_RANGE_LOOP_ANALYSIS = YES;
				CLANG_WARN_STRICT_PROTOTYPES = YES;
				CLANG_WARN_SUSPICIOUS_MOVE = YES;
				CLANG_WARN_UNGUARDED_AVAILABILITY = YES_AGGRESSIVE;
				CLANG_WARN_UNREACHABLE_CODE = YES;
				CLANG_WARN__DUPLICATE_METHOD_MATCH = YES;
				CODE_SIGN_IDENTITY = "iPhone Developer";
				COPY_PHASE_STRIP = NO;
				DEBUG_INFORMATION_FORMAT = "dwarf-with-dsym";
				ENABLE_NS_ASSERTIONS = NO;
				ENABLE_STRICT_OBJC_MSGSEND = YES;
				GCC_C_LANGUAGE_STANDARD = gnu11;
				GCC_NO_COMMON_BLOCKS = YES;
				GCC_WARN_64_TO_32_BIT_CONVERSION = YES;
				GCC_WARN_ABOUT_RETURN_TYPE = YES_ERROR;
				GCC_WARN_UNDECLARED_SELECTOR = YES;
				GCC_WARN_UNINITIALIZED_AUTOS = YES_AGGRESSIVE;
				GCC_WARN_UNUSED_FUNCTION = YES;
				GCC_WARN_UNUSED_VARIABLE = YES;
				IPHONEOS_DEPLOYMENT_TARGET = 11.1;
				MTL_ENABLE_DEBUG_INFO = NO;
				SDKROOT = iphoneos;
				SWIFT_OPTIMIZATION_LEVEL = "-Owholemodule";
				VALIDATE_PRODUCT = YES;
			};
			name = Release;
		};
		9B0F71E31FB69D810068FCB5 /* Debug */ = {
			isa = XCBuildConfiguration;
			baseConfigurationReference = 586784F2509D5A1567B5CDE1 /* Pods-insightTEK.debug.xcconfig */;
			buildSettings = {
				ASSETCATALOG_COMPILER_APPICON_NAME = AppIcon;
				CODE_SIGN_STYLE = Automatic;
				DEVELOPMENT_TEAM = G6ZU47QNTF;
				INFOPLIST_FILE = insightTEK/Info.plist;
				LD_RUNPATH_SEARCH_PATHS = "$(inherited) @executable_path/Frameworks";
				PRODUCT_BUNDLE_IDENTIFIER = NSHackTeam11.insightTEK;
				PRODUCT_NAME = "$(TARGET_NAME)";
				SWIFT_VERSION = 4.0;
				TARGETED_DEVICE_FAMILY = "1,2";
			};
			name = Debug;
		};
		9B0F71E41FB69D810068FCB5 /* Release */ = {
			isa = XCBuildConfiguration;
			baseConfigurationReference = 72191E51CDB8A0E24E5E69C8 /* Pods-insightTEK.release.xcconfig */;
			buildSettings = {
				ASSETCATALOG_COMPILER_APPICON_NAME = AppIcon;
				CODE_SIGN_STYLE = Automatic;
				DEVELOPMENT_TEAM = G6ZU47QNTF;
				INFOPLIST_FILE = insightTEK/Info.plist;
				LD_RUNPATH_SEARCH_PATHS = "$(inherited) @executable_path/Frameworks";
				PRODUCT_BUNDLE_IDENTIFIER = NSHackTeam11.insightTEK;
				PRODUCT_NAME = "$(TARGET_NAME)";
				SWIFT_VERSION = 4.0;
				TARGETED_DEVICE_FAMILY = "1,2";
			};
			name = Release;
		};
/* End XCBuildConfiguration section */

/* Begin XCConfigurationList section */
		9B0F71CB1FB69D810068FCB5 /* Build configuration list for PBXProject "insightTEK" */ = {
			isa = XCConfigurationList;
			buildConfigurations = (
				9B0F71E01FB69D810068FCB5 /* Debug */,
				9B0F71E11FB69D810068FCB5 /* Release */,
			);
			defaultConfigurationIsVisible = 0;
			defaultConfigurationName = Release;
		};
		9B0F71E21FB69D810068FCB5 /* Build configuration list for PBXNativeTarget "insightTEK" */ = {
			isa = XCConfigurationList;
			buildConfigurations = (
				9B0F71E31FB69D810068FCB5 /* Debug */,
				9B0F71E41FB69D810068FCB5 /* Release */,
			);
			defaultConfigurationIsVisible = 0;
			defaultConfigurationName = Release;
		};
/* End XCConfigurationList section */
	};
	rootObject = 9B0F71C81FB69D810068FCB5 /* Project object */;
}
